
Microsoft Visual Studio Solution File, Format Version 12.00
# Visual Studio Version 16
VisualStudioVersion = 16.0.28803.452
MinimumVisualStudioVersion = 10.0.40219.1
Project("{FAE04EC0-301F-11D3-BF4B-00C04F79EFBC}") = "Mid_Lab_Assignment1", "Mid_Lab_Assignment1\Mid_Lab_Assignment1.csproj", "{CC51769C-337C-4C0E-B4EB-36E56A270102}"
EndProject
Global
	GlobalSection(SolutionConfigurationPlatforms) = preSolution
		Debug|Any CPU = Debug|Any CPU
		Release|Any CPU = Release|Any CPU
	EndGlobalSection
	GlobalSection(ProjectConfigurationPlatforms) = postSolution
		{CC51769C-337C-4C0E-B4EB-36E56A270102}.Debug|Any CPU.ActiveCfg = Debug|Any CPU
		{CC51769C-337C-4C0E-B4EB-36E56A270102}.Debug|Any CPU.Build.0 = Debug|Any CPU
		{CC51769C-337C-4C0E-B4EB-36E56A270102}.Release|Any CPU.ActiveCfg = Release|Any CPU
		{CC51769C-337C-4C0E-B4EB-36E56A270102}.Release|Any CPU.Build.0 = Release|Any CPU
	EndGlobalSection
	GlobalSection(SolutionProperties) = preSolution
		HideSolutionNode = FALSE
	EndGlobalSection
	GlobalSection(ExtensibilityGlobals) = postSolution
		SolutionGuid = {D8079715-4AAE-49A6-9646-0492D629A008}
	EndGlobalSection
EndGlobal
